
Microsoft Visual Studio Solution File, Format Version 12.00
# Visual Studio Version 16
VisualStudioVersion = 16.0.29911.84
MinimumVisualStudioVersion = 10.0.40219.1
Project("{FAE04EC0-301F-11D3-BF4B-00C04F79EFBC}") = "prim01", "prim01\prim01.csproj", "{4AB111EB-F0E0-4A76-89BA-1F685C1336AE}"
EndProject
Global
	GlobalSection(SolutionConfigurationPlatforms) = preSolution
		Debug|Any CPU = Debug|Any CPU
		Release|Any CPU = Release|Any CPU
	EndGlobalSection
	GlobalSection(ProjectConfigurationPlatforms) = postSolution
		{4AB111EB-F0E0-4A76-89BA-1F685C1336AE}.Debug|Any CPU.ActiveCfg = Debug|Any CPU
		{4AB111EB-F0E0-4A76-89BA-1F685C1336AE}.Debug|Any CPU.Build.0 = Debug|Any CPU
		{4AB111EB-F0E0-4A76-89BA-1F685C1336AE}.Release|Any CPU.ActiveCfg = Release|Any CPU
		{4AB111EB-F0E0-4A76-89BA-1F685C1336AE}.Release|Any CPU.Build.0 = Release|Any CPU
	EndGlobalSection
	GlobalSection(SolutionProperties) = preSolution
		HideSolutionNode = FALSE
	EndGlobalSection
	GlobalSection(ExtensibilityGlobals) = postSolution
		SolutionGuid = {2CF8CFC4-7C91-4478-B848-03933F0CFBD9}
	EndGlobalSection
EndGlobal
